// !$*UTF8*$!
{
	archiveVersion = 1;
	classes = {
	};
	objectVersion = 50;
	objects = {

/* Begin PBXBuildFile section */
		0E0BD6DF25206C4600F77250 /* GridLayout.swift in Sources */ = {isa = PBXBuildFile; fileRef = 0E0BD6DE25206C4500F77250 /* GridLayout.swift */; };
		0E0BD6E125207C3400F77250 /* Array+Identifiable.swift in Sources */ = {isa = PBXBuildFile; fileRef = 0E0BD6E025207C3200F77250 /* Array+Identifiable.swift */; };
		0E12D215242C053C004F8EC9 /* SettingsView.swift in Sources */ = {isa = PBXBuildFile; fileRef = 0E12D214242C053C004F8EC9 /* SettingsView.swift */; };
		0E4C9A4524C22C5200B756AE /* Contacs.swift in Sources */ = {isa = PBXBuildFile; fileRef = 0E4C9A4424C22C5200B756AE /* Contacs.swift */; };
		0E5FC856250462DB0027E9BF /* ContactsVM.swift in Sources */ = {isa = PBXBuildFile; fileRef = 0E5FC855250462D80027E9BF /* ContactsVM.swift */; };
		0E8F784A23FE27D800D56B70 /* AppDelegate.swift in Sources */ = {isa = PBXBuildFile; fileRef = 0E8F784923FE27D800D56B70 /* AppDelegate.swift */; };
		0E8F784C23FE27D800D56B70 /* SceneDelegate.swift in Sources */ = {isa = PBXBuildFile; fileRef = 0E8F784B23FE27D800D56B70 /* SceneDelegate.swift */; };
		0E8F784F23FE27D800D56B70 /* iTalk.xcdatamodeld in Sources */ = {isa = PBXBuildFile; fileRef = 0E8F784D23FE27D800D56B70 /* iTalk.xcdatamodeld */; };
		0E8F785123FE27D900D56B70 /* ContentView.swift in Sources */ = {isa = PBXBuildFile; fileRef = 0E8F785023FE27D900D56B70 /* ContentView.swift */; };
		0E8F785323FE280400D56B70 /* Assets.xcassets in Resources */ = {isa = PBXBuildFile; fileRef = 0E8F785223FE280400D56B70 /* Assets.xcassets */; };
		0E8F785623FE280400D56B70 /* Preview Assets.xcassets in Resources */ = {isa = PBXBuildFile; fileRef = 0E8F785523FE280400D56B70 /* Preview Assets.xcassets */; };
		0E8F785923FE280400D56B70 /* LaunchScreen.storyboard in Resources */ = {isa = PBXBuildFile; fileRef = 0E8F785723FE280400D56B70 /* LaunchScreen.storyboard */; };
		0E8F786423FE280400D56B70 /* iTalkTests.swift in Sources */ = {isa = PBXBuildFile; fileRef = 0E8F786323FE280400D56B70 /* iTalkTests.swift */; };
		0E8F786F23FE280400D56B70 /* iTalkUITests.swift in Sources */ = {isa = PBXBuildFile; fileRef = 0E8F786E23FE280400D56B70 /* iTalkUITests.swift */; };
		0E982179240CBBBC006E19B3 /* HistoryView.swift in Sources */ = {isa = PBXBuildFile; fileRef = 0E982178240CBBB9006E19B3 /* HistoryView.swift */; };
		0EA551B4241604D3005390EE /* ChatView.swift in Sources */ = {isa = PBXBuildFile; fileRef = 0EA551B3241604CE005390EE /* ChatView.swift */; };
		0ED68B9D252053DB0005ABA4 /* Grid.swift in Sources */ = {isa = PBXBuildFile; fileRef = 0ED68B9C252053D90005ABA4 /* Grid.swift */; };
		0ED84C2525B78E2300662F8E /* GoogleService-Info.plist in Resources */ = {isa = PBXBuildFile; fileRef = 0ED84C2425B78E2200662F8E /* GoogleService-Info.plist */; };
		0EE7F65625B7E428003010D7 /* iTalkApp.swift in Sources */ = {isa = PBXBuildFile; fileRef = 0EE7F65525B7E426003010D7 /* iTalkApp.swift */; };
		0EE7F65825B7E444003010D7 /* SessionStore.swift in Sources */ = {isa = PBXBuildFile; fileRef = 0EE7F65725B7E443003010D7 /* SessionStore.swift */; };
		0EF09E4025A94AC300D6510B /* Chats.swift in Sources */ = {isa = PBXBuildFile; fileRef = 0EF09E3F25A94AC300D6510B /* Chats.swift */; };
		0EFFF8AA242D3EFE00D0BE1D /* Test.swift in Sources */ = {isa = PBXBuildFile; fileRef = 0EFFF8A9242D3EFA00D0BE1D /* Test.swift */; };
		0EFFF8AC242D527600D0BE1D /* iTalkView.swift in Sources */ = {isa = PBXBuildFile; fileRef = 0EFFF8AB242D527600D0BE1D /* iTalkView.swift */; };
		1647E687E9485ED1C1CA749E /* Pods_iTalk.framework in Frameworks */ = {isa = PBXBuildFile; fileRef = 2ED1D1165201EF40591E0DF3 /* Pods_iTalk.framework */; };
		8F0CC4364BCDC86FA3AB4FB2 /* Pods_iTalkTests.framework in Frameworks */ = {isa = PBXBuildFile; fileRef = 1AB2AE09E66354B2A225E781 /* Pods_iTalkTests.framework */; };
		90DB2763132C1792048A21D5 /* Pods_iTalk_iTalkUITests.framework in Frameworks */ = {isa = PBXBuildFile; fileRef = 64C17F2868125F55D372777D /* Pods_iTalk_iTalkUITests.framework */; };
/* End PBXBuildFile section */

/* Begin PBXContainerItemProxy section */
		0E8F786023FE280400D56B70 /* PBXContainerItemProxy */ = {
			isa = PBXContainerItemProxy;
			containerPortal = 0E8F783E23FE27D800D56B70 /* Project object */;
			proxyType = 1;
			remoteGlobalIDString = 0E8F784523FE27D800D56B70;
			remoteInfo = iTalk;
		};
		0E8F786B23FE280400D56B70 /* PBXContainerItemProxy */ = {
			isa = PBXContainerItemProxy;
			containerPortal = 0E8F783E23FE27D800D56B70 /* Project object */;
			proxyType = 1;
			remoteGlobalIDString = 0E8F784523FE27D800D56B70;
			remoteInfo = iTalk;
		};
/* End PBXContainerItemProxy section */

/* Begin PBXFileReference section */
		0E0BD6DE25206C4500F77250 /* GridLayout.swift */ = {isa = PBXFileReference; fileEncoding = 4; lastKnownFileType = sourcecode.swift; path = GridLayout.swift; sourceTree = "<group>"; };
		0E0BD6E025207C3200F77250 /* Array+Identifiable.swift */ = {isa = PBXFileReference; lastKnownFileType = sourcecode.swift; path = "Array+Identifiable.swift"; sourceTree = "<group>"; };
		0E12D214242C053C004F8EC9 /* SettingsView.swift */ = {isa = PBXFileReference; lastKnownFileType = sourcecode.swift; path = SettingsView.swift; sourceTree = "<group>"; };
		0E30646B6B67A60557A67D32 /* Pods-iTalk.debug.xcconfig */ = {isa = PBXFileReference; includeInIndex = 1; lastKnownFileType = text.xcconfig; name = "Pods-iTalk.debug.xcconfig"; path = "Target Support Files/Pods-iTalk/Pods-iTalk.debug.xcconfig"; sourceTree = "<group>"; };
		0E3218C524087B83006FE9F3 /* Default-568h@2x.png */ = {isa = PBXFileReference; lastKnownFileType = image.png; path = "Default-568h@2x.png"; sourceTree = "<group>"; };
		0E4C9A4424C22C5200B756AE /* Contacs.swift */ = {isa = PBXFileReference; lastKnownFileType = sourcecode.swift; path = Contacs.swift; sourceTree = "<group>"; };
		0E5FC855250462D80027E9BF /* ContactsVM.swift */ = {isa = PBXFileReference; lastKnownFileType = sourcecode.swift; path = ContactsVM.swift; sourceTree = "<group>"; };
		0E6F6E852404C76500FD5D73 /* iTalk.entitlements */ = {isa = PBXFileReference; lastKnownFileType = text.plist.entitlements; path = iTalk.entitlements; sourceTree = "<group>"; };
		0E8F784623FE27D800D56B70 /* iTalk.app */ = {isa = PBXFileReference; explicitFileType = wrapper.application; includeInIndex = 0; path = iTalk.app; sourceTree = BUILT_PRODUCTS_DIR; };
		0E8F784923FE27D800D56B70 /* AppDelegate.swift */ = {isa = PBXFileReference; lastKnownFileType = sourcecode.swift; path = AppDelegate.swift; sourceTree = "<group>"; };
		0E8F784B23FE27D800D56B70 /* SceneDelegate.swift */ = {isa = PBXFileReference; lastKnownFileType = sourcecode.swift; path = SceneDelegate.swift; sourceTree = "<group>"; };
		0E8F784E23FE27D800D56B70 /* iTalk.xcdatamodel */ = {isa = PBXFileReference; lastKnownFileType = wrapper.xcdatamodel; path = iTalk.xcdatamodel; sourceTree = "<group>"; };
		0E8F785023FE27D900D56B70 /* ContentView.swift */ = {isa = PBXFileReference; lastKnownFileType = sourcecode.swift; path = ContentView.swift; sourceTree = "<group>"; };
		0E8F785223FE280400D56B70 /* Assets.xcassets */ = {isa = PBXFileReference; lastKnownFileType = folder.assetcatalog; path = Assets.xcassets; sourceTree = "<group>"; };
		0E8F785523FE280400D56B70 /* Preview Assets.xcassets */ = {isa = PBXFileReference; lastKnownFileType = folder.assetcatalog; path = "Preview Assets.xcassets"; sourceTree = "<group>"; };
		0E8F785823FE280400D56B70 /* Base */ = {isa = PBXFileReference; lastKnownFileType = file.storyboard; name = Base; path = Base.lproj/LaunchScreen.storyboard; sourceTree = "<group>"; };
		0E8F785A23FE280400D56B70 /* Info.plist */ = {isa = PBXFileReference; lastKnownFileType = text.plist.xml; path = Info.plist; sourceTree = "<group>"; };
		0E8F785F23FE280400D56B70 /* iTalkTests.xctest */ = {isa = PBXFileReference; explicitFileType = wrapper.cfbundle; includeInIndex = 0; path = iTalkTests.xctest; sourceTree = BUILT_PRODUCTS_DIR; };
		0E8F786323FE280400D56B70 /* iTalkTests.swift */ = {isa = PBXFileReference; lastKnownFileType = sourcecode.swift; path = iTalkTests.swift; sourceTree = "<group>"; };
		0E8F786523FE280400D56B70 /* Info.plist */ = {isa = PBXFileReference; lastKnownFileType = text.plist.xml; path = Info.plist; sourceTree = "<group>"; };
		0E8F786A23FE280400D56B70 /* iTalkUITests.xctest */ = {isa = PBXFileReference; explicitFileType = wrapper.cfbundle; includeInIndex = 0; path = iTalkUITests.xctest; sourceTree = BUILT_PRODUCTS_DIR; };
		0E8F786E23FE280400D56B70 /* iTalkUITests.swift */ = {isa = PBXFileReference; lastKnownFileType = sourcecode.swift; path = iTalkUITests.swift; sourceTree = "<group>"; };
		0E8F787023FE280400D56B70 /* Info.plist */ = {isa = PBXFileReference; lastKnownFileType = text.plist.xml; path = Info.plist; sourceTree = "<group>"; };
		0E982178240CBBB9006E19B3 /* HistoryView.swift */ = {isa = PBXFileReference; lastKnownFileType = sourcecode.swift; path = HistoryView.swift; sourceTree = "<group>"; };
		0EA551B3241604CE005390EE /* ChatView.swift */ = {isa = PBXFileReference; lastKnownFileType = sourcecode.swift; path = ChatView.swift; sourceTree = "<group>"; };
		0ED68B9C252053D90005ABA4 /* Grid.swift */ = {isa = PBXFileReference; lastKnownFileType = sourcecode.swift; path = Grid.swift; sourceTree = "<group>"; };
		0ED84C2425B78E2200662F8E /* GoogleService-Info.plist */ = {isa = PBXFileReference; fileEncoding = 4; lastKnownFileType = text.plist.xml; path = "GoogleService-Info.plist"; sourceTree = "<group>"; };
		0EE7F65525B7E426003010D7 /* iTalkApp.swift */ = {isa = PBXFileReference; fileEncoding = 4; lastKnownFileType = sourcecode.swift; path = iTalkApp.swift; sourceTree = "<group>"; };
		0EE7F65725B7E443003010D7 /* SessionStore.swift */ = {isa = PBXFileReference; fileEncoding = 4; lastKnownFileType = sourcecode.swift; path = SessionStore.swift; sourceTree = "<group>"; };
		0EF09E3F25A94AC300D6510B /* Chats.swift */ = {isa = PBXFileReference; fileEncoding = 4; lastKnownFileType = sourcecode.swift; path = Chats.swift; sourceTree = "<group>"; };
		0EFFF8A9242D3EFA00D0BE1D /* Test.swift */ = {isa = PBXFileReference; lastKnownFileType = sourcecode.swift; name = Test.swift; path = iTalk/View/Test.swift; sourceTree = SOURCE_ROOT; };
		0EFFF8AB242D527600D0BE1D /* iTalkView.swift */ = {isa = PBXFileReference; lastKnownFileType = sourcecode.swift; path = iTalkView.swift; sourceTree = "<group>"; };
		1AB2AE09E66354B2A225E781 /* Pods_iTalkTests.framework */ = {isa = PBXFileReference; explicitFileType = wrapper.framework; includeInIndex = 0; path = Pods_iTalkTests.framework; sourceTree = BUILT_PRODUCTS_DIR; };
		26B38C539FCE8B2D1AC130E2 /* Pods-iTalkTests.debug.xcconfig */ = {isa = PBXFileReference; includeInIndex = 1; lastKnownFileType = text.xcconfig; name = "Pods-iTalkTests.debug.xcconfig"; path = "Target Support Files/Pods-iTalkTests/Pods-iTalkTests.debug.xcconfig"; sourceTree = "<group>"; };
		2ED1D1165201EF40591E0DF3 /* Pods_iTalk.framework */ = {isa = PBXFileReference; explicitFileType = wrapper.framework; includeInIndex = 0; path = Pods_iTalk.framework; sourceTree = BUILT_PRODUCTS_DIR; };
		64C17F2868125F55D372777D /* Pods_iTalk_iTalkUITests.framework */ = {isa = PBXFileReference; explicitFileType = wrapper.framework; includeInIndex = 0; path = Pods_iTalk_iTalkUITests.framework; sourceTree = BUILT_PRODUCTS_DIR; };
		A666E0EAE84524EA22E8CD8D /* Pods-iTalk.release.xcconfig */ = {isa = PBXFileReference; includeInIndex = 1; lastKnownFileType = text.xcconfig; name = "Pods-iTalk.release.xcconfig"; path = "Target Support Files/Pods-iTalk/Pods-iTalk.release.xcconfig"; sourceTree = "<group>"; };
		BD4DD3BD1E2BBAD1644111AF /* Pods-iTalk-iTalkUITests.debug.xcconfig */ = {isa = PBXFileReference; includeInIndex = 1; lastKnownFileType = text.xcconfig; name = "Pods-iTalk-iTalkUITests.debug.xcconfig"; path = "Target Support Files/Pods-iTalk-iTalkUITests/Pods-iTalk-iTalkUITests.debug.xcconfig"; sourceTree = "<group>"; };
		E891373F01C6127B8BAD6A10 /* Pods-iTalkTests.release.xcconfig */ = {isa = PBXFileReference; includeInIndex = 1; lastKnownFileType = text.xcconfig; name = "Pods-iTalkTests.release.xcconfig"; path = "Target Support Files/Pods-iTalkTests/Pods-iTalkTests.release.xcconfig"; sourceTree = "<group>"; };
		FABB07D81297A88923EECCAD /* Pods-iTalk-iTalkUITests.release.xcconfig */ = {isa = PBXFileReference; includeInIndex = 1; lastKnownFileType = text.xcconfig; name = "Pods-iTalk-iTalkUITests.release.xcconfig"; path = "Target Support Files/Pods-iTalk-iTalkUITests/Pods-iTalk-iTalkUITests.release.xcconfig"; sourceTree = "<group>"; };
/* End PBXFileReference section */

/* Begin PBXFrameworksBuildPhase section */
		0E8F784323FE27D800D56B70 /* Frameworks */ = {
			isa = PBXFrameworksBuildPhase;
			buildActionMask = 2147483647;
			files = (
				1647E687E9485ED1C1CA749E /* Pods_iTalk.framework in Frameworks */,
			);
			runOnlyForDeploymentPostprocessing = 0;
		};
		0E8F785C23FE280400D56B70 /* Frameworks */ = {
			isa = PBXFrameworksBuildPhase;
			buildActionMask = 2147483647;
			files = (
				8F0CC4364BCDC86FA3AB4FB2 /* Pods_iTalkTests.framework in Frameworks */,
			);
			runOnlyForDeploymentPostprocessing = 0;
		};
		0E8F786723FE280400D56B70 /* Frameworks */ = {
			isa = PBXFrameworksBuildPhase;
			buildActionMask = 2147483647;
			files = (
				90DB2763132C1792048A21D5 /* Pods_iTalk_iTalkUITests.framework in Frameworks */,
			);
			runOnlyForDeploymentPostprocessing = 0;
		};
/* End PBXFrameworksBuildPhase section */

/* Begin PBXGroup section */
		0E3218C124087A5D006FE9F3 /* Support */ = {
			isa = PBXGroup;
			children = (
				0EE7F65525B7E426003010D7 /* iTalkApp.swift */,
				0EE7F65725B7E443003010D7 /* SessionStore.swift */,
				0ED84C2425B78E2200662F8E /* GoogleService-Info.plist */,
				0E0BD6E025207C3200F77250 /* Array+Identifiable.swift */,
				0E6F6E852404C76500FD5D73 /* iTalk.entitlements */,
				0E3218C524087B83006FE9F3 /* Default-568h@2x.png */,
				0E8F784923FE27D800D56B70 /* AppDelegate.swift */,
				0E8F785223FE280400D56B70 /* Assets.xcassets */,
			);
			path = Support;
			sourceTree = "<group>";
		};
		0E3218C224087A74006FE9F3 /* Model */ = {
			isa = PBXGroup;
			children = (
				0EF09E3F25A94AC300D6510B /* Chats.swift */,
				0E4C9A4424C22C5200B756AE /* Contacs.swift */,
				0EFFF8A9242D3EFA00D0BE1D /* Test.swift */,
				0E8F785A23FE280400D56B70 /* Info.plist */,
				0E8F784D23FE27D800D56B70 /* iTalk.xcdatamodeld */,
			);
			path = Model;
			sourceTree = "<group>";
		};
		0E3218C324087A79006FE9F3 /* ViewModel */ = {
			isa = PBXGroup;
			children = (
				0E5FC855250462D80027E9BF /* ContactsVM.swift */,
			);
			path = ViewModel;
			sourceTree = "<group>";
		};
		0E3218C424087A81006FE9F3 /* View */ = {
			isa = PBXGroup;
			children = (
				0E0BD6DE25206C4500F77250 /* GridLayout.swift */,
				0EA551B3241604CE005390EE /* ChatView.swift */,
				0E8F785723FE280400D56B70 /* LaunchScreen.storyboard */,
				0E8F785023FE27D900D56B70 /* ContentView.swift */,
				0EFFF8AB242D527600D0BE1D /* iTalkView.swift */,
				0E982178240CBBB9006E19B3 /* HistoryView.swift */,
				0ED68B9C252053D90005ABA4 /* Grid.swift */,
				0E8F784B23FE27D800D56B70 /* SceneDelegate.swift */,
				0E12D214242C053C004F8EC9 /* SettingsView.swift */,
			);
			path = View;
			sourceTree = "<group>";
		};
		0E8F783D23FE27D800D56B70 = {
			isa = PBXGroup;
			children = (
				0E8F784823FE27D800D56B70 /* iTalk */,
				0E8F786223FE280400D56B70 /* iTalkTests */,
				0E8F786D23FE280400D56B70 /* iTalkUITests */,
				0E8F784723FE27D800D56B70 /* Products */,
				C311E48F7B9971F1E79BB705 /* Pods */,
				7239F5D34E00320EF4890432 /* Frameworks */,
			);
			sourceTree = "<group>";
		};
		0E8F784723FE27D800D56B70 /* Products */ = {
			isa = PBXGroup;
			children = (
				0E8F784623FE27D800D56B70 /* iTalk.app */,
				0E8F785F23FE280400D56B70 /* iTalkTests.xctest */,
				0E8F786A23FE280400D56B70 /* iTalkUITests.xctest */,
			);
			name = Products;
			sourceTree = "<group>";
		};
		0E8F784823FE27D800D56B70 /* iTalk */ = {
			isa = PBXGroup;
			children = (
				0E3218C424087A81006FE9F3 /* View */,
				0E3218C324087A79006FE9F3 /* ViewModel */,
				0E3218C224087A74006FE9F3 /* Model */,
				0E3218C124087A5D006FE9F3 /* Support */,
				0E8F785423FE280400D56B70 /* Preview Content */,
			);
			path = iTalk;
			sourceTree = "<group>";
		};
		0E8F785423FE280400D56B70 /* Preview Content */ = {
			isa = PBXGroup;
			children = (
				0E8F785523FE280400D56B70 /* Preview Assets.xcassets */,
			);
			path = "Preview Content";
			sourceTree = "<group>";
		};
		0E8F786223FE280400D56B70 /* iTalkTests */ = {
			isa = PBXGroup;
			children = (
				0E8F786323FE280400D56B70 /* iTalkTests.swift */,
				0E8F786523FE280400D56B70 /* Info.plist */,
			);
			path = iTalkTests;
			sourceTree = "<group>";
		};
		0E8F786D23FE280400D56B70 /* iTalkUITests */ = {
			isa = PBXGroup;
			children = (
				0E8F786E23FE280400D56B70 /* iTalkUITests.swift */,
				0E8F787023FE280400D56B70 /* Info.plist */,
			);
			path = iTalkUITests;
			sourceTree = "<group>";
		};
		7239F5D34E00320EF4890432 /* Frameworks */ = {
			isa = PBXGroup;
			children = (
				2ED1D1165201EF40591E0DF3 /* Pods_iTalk.framework */,
				64C17F2868125F55D372777D /* Pods_iTalk_iTalkUITests.framework */,
				1AB2AE09E66354B2A225E781 /* Pods_iTalkTests.framework */,
			);
			name = Frameworks;
			sourceTree = "<group>";
		};
		C311E48F7B9971F1E79BB705 /* Pods */ = {
			isa = PBXGroup;
			children = (
				0E30646B6B67A60557A67D32 /* Pods-iTalk.debug.xcconfig */,
				A666E0EAE84524EA22E8CD8D /* Pods-iTalk.release.xcconfig */,
				BD4DD3BD1E2BBAD1644111AF /* Pods-iTalk-iTalkUITests.debug.xcconfig */,
				FABB07D81297A88923EECCAD /* Pods-iTalk-iTalkUITests.release.xcconfig */,
				26B38C539FCE8B2D1AC130E2 /* Pods-iTalkTests.debug.xcconfig */,
				E891373F01C6127B8BAD6A10 /* Pods-iTalkTests.release.xcconfig */,
			);
			path = Pods;
			sourceTree = "<group>";
		};
/* End PBXGroup section */

/* Begin PBXNativeTarget section */
		0E8F784523FE27D800D56B70 /* iTalk */ = {
			isa = PBXNativeTarget;
			buildConfigurationList = 0E8F787323FE280400D56B70 /* Build configuration list for PBXNativeTarget "iTalk" */;
			buildPhases = (
				84335DF11654A050F585A158 /* [CP] Check Pods Manifest.lock */,
				0E8F784223FE27D800D56B70 /* Sources */,
				0E8F784323FE27D800D56B70 /* Frameworks */,
				0E8F784423FE27D800D56B70 /* Resources */,
			);
			buildRules = (
			);
			dependencies = (
			);
			name = iTalk;
			productName = iTalk;
			productReference = 0E8F784623FE27D800D56B70 /* iTalk.app */;
			productType = "com.apple.product-type.application";
		};
		0E8F785E23FE280400D56B70 /* iTalkTests */ = {
			isa = PBXNativeTarget;
			buildConfigurationList = 0E8F787623FE280400D56B70 /* Build configuration list for PBXNativeTarget "iTalkTests" */;
			buildPhases = (
				DFAAF7011E9B884C8378CF39 /* [CP] Check Pods Manifest.lock */,
				0E8F785B23FE280400D56B70 /* Sources */,
				0E8F785C23FE280400D56B70 /* Frameworks */,
				0E8F785D23FE280400D56B70 /* Resources */,
			);
			buildRules = (
			);
			dependencies = (
				0E8F786123FE280400D56B70 /* PBXTargetDependency */,
			);
			name = iTalkTests;
			productName = iTalkTests;
			productReference = 0E8F785F23FE280400D56B70 /* iTalkTests.xctest */;
			productType = "com.apple.product-type.bundle.unit-test";
		};
		0E8F786923FE280400D56B70 /* iTalkUITests */ = {
			isa = PBXNativeTarget;
			buildConfigurationList = 0E8F787923FE280400D56B70 /* Build configuration list for PBXNativeTarget "iTalkUITests" */;
			buildPhases = (
				FD2E9928D00142863CC6EAE4 /* [CP] Check Pods Manifest.lock */,
				0E8F786623FE280400D56B70 /* Sources */,
				0E8F786723FE280400D56B70 /* Frameworks */,
				0E8F786823FE280400D56B70 /* Resources */,
			);
			buildRules = (
			);
			dependencies = (
				0E8F786C23FE280400D56B70 /* PBXTargetDependency */,
			);
			name = iTalkUITests;
			productName = iTalkUITests;
			productReference = 0E8F786A23FE280400D56B70 /* iTalkUITests.xctest */;
			productType = "com.apple.product-type.bundle.ui-testing";
		};
/* End PBXNativeTarget section */

/* Begin PBXProject section */
		0E8F783E23FE27D800D56B70 /* Project object */ = {
			isa = PBXProject;
			attributes = {
				LastSwiftUpdateCheck = 1120;
				LastUpgradeCheck = 1200;
				ORGANIZATIONNAME = "Patricio Benavente";
				TargetAttributes = {
					0E8F784523FE27D800D56B70 = {
						CreatedOnToolsVersion = 11.2.1;
					};
					0E8F785E23FE280400D56B70 = {
						CreatedOnToolsVersion = 11.2.1;
						TestTargetID = 0E8F784523FE27D800D56B70;
					};
					0E8F786923FE280400D56B70 = {
						CreatedOnToolsVersion = 11.2.1;
						TestTargetID = 0E8F784523FE27D800D56B70;
					};
				};
			};
			buildConfigurationList = 0E8F784123FE27D800D56B70 /* Build configuration list for PBXProject "iTalk" */;
			compatibilityVersion = "Xcode 9.3";
			developmentRegion = en;
			hasScannedForEncodings = 0;
			knownRegions = (
				en,
				Base,
			);
			mainGroup = 0E8F783D23FE27D800D56B70;
			productRefGroup = 0E8F784723FE27D800D56B70 /* Products */;
			projectDirPath = "";
			projectRoot = "";
			targets = (
				0E8F784523FE27D800D56B70 /* iTalk */,
				0E8F785E23FE280400D56B70 /* iTalkTests */,
				0E8F786923FE280400D56B70 /* iTalkUITests */,
			);
		};
/* End PBXProject section */

/* Begin PBXResourcesBuildPhase section */
		0E8F784423FE27D800D56B70 /* Resources */ = {
			isa = PBXResourcesBuildPhase;
			buildActionMask = 2147483647;
			files = (
				0E8F785923FE280400D56B70 /* LaunchScreen.storyboard in Resources */,
				0ED84C2525B78E2300662F8E /* GoogleService-Info.plist in Resources */,
				0E8F785623FE280400D56B70 /* Preview Assets.xcassets in Resources */,
				0E8F785323FE280400D56B70 /* Assets.xcassets in Resources */,
			);
			runOnlyForDeploymentPostprocessing = 0;
		};
		0E8F785D23FE280400D56B70 /* Resources */ = {
			isa = PBXResourcesBuildPhase;
			buildActionMask = 2147483647;
			files = (
			);
			runOnlyForDeploymentPostprocessing = 0;
		};
		0E8F786823FE280400D56B70 /* Resources */ = {
			isa = PBXResourcesBuildPhase;
			buildActionMask = 2147483647;
			files = (
			);
			runOnlyForDeploymentPostprocessing = 0;
		};
/* End PBXResourcesBuildPhase section */

/* Begin PBXShellScriptBuildPhase section */
		84335DF11654A050F585A158 /* [CP] Check Pods Manifest.lock */ = {
			isa = PBXShellScriptBuildPhase;
			buildActionMask = 2147483647;
			files = (
			);
			inputFileListPaths = (
			);
			inputPaths = (
				"${PODS_PODFILE_DIR_PATH}/Podfile.lock",
				"${PODS_ROOT}/Manifest.lock",
			);
			name = "[CP] Check Pods Manifest.lock";
			outputFileListPaths = (
			);
			outputPaths = (
				"$(DERIVED_FILE_DIR)/Pods-iTalk-checkManifestLockResult.txt",
			);
			runOnlyForDeploymentPostprocessing = 0;
			shellPath = /bin/sh;
			shellScript = "diff \"${PODS_PODFILE_DIR_PATH}/Podfile.lock\" \"${PODS_ROOT}/Manifest.lock\" > /dev/null\nif [ $? != 0 ] ; then\n    # print error to STDERR\n    echo \"error: The sandbox is not in sync with the Podfile.lock. Run 'pod install' or update your CocoaPods installation.\" >&2\n    exit 1\nfi\n# This output is used by Xcode 'outputs' to avoid re-running this script phase.\necho \"SUCCESS\" > \"${SCRIPT_OUTPUT_FILE_0}\"\n";
			showEnvVarsInLog = 0;
		};
		DFAAF7011E9B884C8378CF39 /* [CP] Check Pods Manifest.lock */ = {
			isa = PBXShellScriptBuildPhase;
			buildActionMask = 2147483647;
			files = (
			);
			inputFileListPaths = (
			);
			inputPaths = (
				"${PODS_PODFILE_DIR_PATH}/Podfile.lock",
				"${PODS_ROOT}/Manifest.lock",
			);
			name = "[CP] Check Pods Manifest.lock";
			outputFileListPaths = (
			);
			outputPaths = (
				"$(DERIVED_FILE_DIR)/Pods-iTalkTests-checkManifestLockResult.txt",
			);
			runOnlyForDeploymentPostprocessing = 0;
			shellPath = /bin/sh;
			shellScript = "diff \"${PODS_PODFILE_DIR_PATH}/Podfile.lock\" \"${PODS_ROOT}/Manifest.lock\" > /dev/null\nif [ $? != 0 ] ; then\n    # print error to STDERR\n    echo \"error: The sandbox is not in sync with the Podfile.lock. Run 'pod install' or update your CocoaPods installation.\" >&2\n    exit 1\nfi\n# This output is used by Xcode 'outputs' to avoid re-running this script phase.\necho \"SUCCESS\" > \"${SCRIPT_OUTPUT_FILE_0}\"\n";
			showEnvVarsInLog = 0;
		};
		FD2E9928D00142863CC6EAE4 /* [CP] Check Pods Manifest.lock */ = {
			isa = PBXShellScriptBuildPhase;
			buildActionMask = 2147483647;
			files = (
			);
			inputFileListPaths = (
			);
			inputPaths = (
				"${PODS_PODFILE_DIR_PATH}/Podfile.lock",
				"${PODS_ROOT}/Manifest.lock",
			);
			name = "[CP] Check Pods Manifest.lock";
			outputFileListPaths = (
			);
			outputPaths = (
				"$(DERIVED_FILE_DIR)/Pods-iTalk-iTalkUITests-checkManifestLockResult.txt",
			);
			runOnlyForDeploymentPostprocessing = 0;
			shellPath = /bin/sh;
			shellScript = "diff \"${PODS_PODFILE_DIR_PATH}/Podfile.lock\" \"${PODS_ROOT}/Manifest.lock\" > /dev/null\nif [ $? != 0 ] ; then\n    # print error to STDERR\n    echo \"error: The sandbox is not in sync with the Podfile.lock. Run 'pod install' or update your CocoaPods installation.\" >&2\n    exit 1\nfi\n# This output is used by Xcode 'outputs' to avoid re-running this script phase.\necho \"SUCCESS\" > \"${SCRIPT_OUTPUT_FILE_0}\"\n";
			showEnvVarsInLog = 0;
		};
/* End PBXShellScriptBuildPhase section */

/* Begin PBXSourcesBuildPhase section */
		0E8F784223FE27D800D56B70 /* Sources */ = {
			isa = PBXSourcesBuildPhase;
			buildActionMask = 2147483647;
			files = (
				0E12D215242C053C004F8EC9 /* SettingsView.swift in Sources */,
				0EFFF8AC242D527600D0BE1D /* iTalkView.swift in Sources */,
				0E8F784A23FE27D800D56B70 /* AppDelegate.swift in Sources */,
				0E8F784C23FE27D800D56B70 /* SceneDelegate.swift in Sources */,
				0E982179240CBBBC006E19B3 /* HistoryView.swift in Sources */,
				0E8F785123FE27D900D56B70 /* ContentView.swift in Sources */,
				0EFFF8AA242D3EFE00D0BE1D /* Test.swift in Sources */,
				0E5FC856250462DB0027E9BF /* ContactsVM.swift in Sources */,
				0EF09E4025A94AC300D6510B /* Chats.swift in Sources */,
				0EA551B4241604D3005390EE /* ChatView.swift in Sources */,
				0ED68B9D252053DB0005ABA4 /* Grid.swift in Sources */,
				0E8F784F23FE27D800D56B70 /* iTalk.xcdatamodeld in Sources */,
				0EE7F65825B7E444003010D7 /* SessionStore.swift in Sources */,
				0E0BD6DF25206C4600F77250 /* GridLayout.swift in Sources */,
				0E0BD6E125207C3400F77250 /* Array+Identifiable.swift in Sources */,
				0E4C9A4524C22C5200B756AE /* Contacs.swift in Sources */,
				0EE7F65625B7E428003010D7 /* iTalkApp.swift in Sources */,
			);
			runOnlyForDeploymentPostprocessing = 0;
		};
		0E8F785B23FE280400D56B70 /* Sources */ = {
			isa = PBXSourcesBuildPhase;
			buildActionMask = 2147483647;
			files = (
				0E8F786423FE280400D56B70 /* iTalkTests.swift in Sources */,
			);
			runOnlyForDeploymentPostprocessing = 0;
		};
		0E8F786623FE280400D56B70 /* Sources */ = {
			isa = PBXSourcesBuildPhase;
			buildActionMask = 2147483647;
			files = (
				0E8F786F23FE280400D56B70 /* iTalkUITests.swift in Sources */,
			);
			runOnlyForDeploymentPostprocessing = 0;
		};
/* End PBXSourcesBuildPhase section */

/* Begin PBXTargetDependency section */
		0E8F786123FE280400D56B70 /* PBXTargetDependency */ = {
			isa = PBXTargetDependency;
			target = 0E8F784523FE27D800D56B70 /* iTalk */;
			targetProxy = 0E8F786023FE280400D56B70 /* PBXContainerItemProxy */;
		};
		0E8F786C23FE280400D56B70 /* PBXTargetDependency */ = {
			isa = PBXTargetDependency;
			target = 0E8F784523FE27D800D56B70 /* iTalk */;
			targetProxy = 0E8F786B23FE280400D56B70 /* PBXContainerItemProxy */;
		};
/* End PBXTargetDependency section */

/* Begin PBXVariantGroup section */
		0E8F785723FE280400D56B70 /* LaunchScreen.storyboard */ = {
			isa = PBXVariantGroup;
			children = (
				0E8F785823FE280400D56B70 /* Base */,
			);
			name = LaunchScreen.storyboard;
			sourceTree = "<group>";
		};
/* End PBXVariantGroup section */

/* Begin XCBuildConfiguration section */
		0E8F787123FE280400D56B70 /* Debug */ = {
			isa = XCBuildConfiguration;
			buildSettings = {
				ALWAYS_SEARCH_USER_PATHS = NO;
				CLANG_ANALYZER_NONNULL = YES;
				CLANG_ANALYZER_NUMBER_OBJECT_CONVERSION = YES_AGGRESSIVE;
				CLANG_CXX_LANGUAGE_STANDARD = "gnu++14";
				CLANG_CXX_LIBRARY = "libc++";
				CLANG_ENABLE_MODULES = YES;
				CLANG_ENABLE_OBJC_ARC = YES;
				CLANG_ENABLE_OBJC_WEAK = YES;
				CLANG_WARN_BLOCK_CAPTURE_AUTORELEASING = YES;
				CLANG_WARN_BOOL_CONVERSION = YES;
				CLANG_WARN_COMMA = YES;
				CLANG_WARN_CONSTANT_CONVERSION = YES;
				CLANG_WARN_DEPRECATED_OBJC_IMPLEMENTATIONS = YES;
				CLANG_WARN_DIRECT_OBJC_ISA_USAGE = YES_ERROR;
				CLANG_WARN_DOCUMENTATION_COMMENTS = YES;
				CLANG_WARN_EMPTY_BODY = YES;
				CLANG_WARN_ENUM_CONVERSION = YES;
				CLANG_WARN_INFINITE_RECURSION = YES;
				CLANG_WARN_INT_CONVERSION = YES;
				CLANG_WARN_NON_LITERAL_NULL_CONVERSION = YES;
				CLANG_WARN_OBJC_IMPLICIT_RETAIN_SELF = YES;
				CLANG_WARN_OBJC_LITERAL_CONVERSION = YES;
				CLANG_WARN_OBJC_ROOT_CLASS = YES_ERROR;
				CLANG_WARN_QUOTED_INCLUDE_IN_FRAMEWORK_HEADER = YES;
				CLANG_WARN_RANGE_LOOP_ANALYSIS = YES;
				CLANG_WARN_STRICT_PROTOTYPES = YES;
				CLANG_WARN_SUSPICIOUS_MOVE = YES;
				CLANG_WARN_UNGUARDED_AVAILABILITY = YES_AGGRESSIVE;
				CLANG_WARN_UNREACHABLE_CODE = YES;
				CLANG_WARN__DUPLICATE_METHOD_MATCH = YES;
				COPY_PHASE_STRIP = NO;
				DEBUG_INFORMATION_FORMAT = dwarf;
				ENABLE_STRICT_OBJC_MSGSEND = YES;
				ENABLE_TESTABILITY = YES;
				GCC_C_LANGUAGE_STANDARD = gnu11;
				GCC_DYNAMIC_NO_PIC = NO;
				GCC_NO_COMMON_BLOCKS = YES;
				GCC_OPTIMIZATION_LEVEL = 0;
				GCC_PREPROCESSOR_DEFINITIONS = (
					"DEBUG=1",
					"$(inherited)",
				);
				GCC_WARN_64_TO_32_BIT_CONVERSION = YES;
				GCC_WARN_ABOUT_RETURN_TYPE = YES_ERROR;
				GCC_WARN_UNDECLARED_SELECTOR = YES;
				GCC_WARN_UNINITIALIZED_AUTOS = YES_AGGRESSIVE;
				GCC_WARN_UNUSED_FUNCTION = YES;
				GCC_WARN_UNUSED_VARIABLE = YES;
				IPHONEOS_DEPLOYMENT_TARGET = 13.2;
				MTL_ENABLE_DEBUG_INFO = INCLUDE_SOURCE;
				MTL_FAST_MATH = YES;
				ONLY_ACTIVE_ARCH = YES;
				SDKROOT = iphoneos;
				SWIFT_ACTIVE_COMPILATION_CONDITIONS = DEBUG;
				SWIFT_OPTIMIZATION_LEVEL = "-Onone";
			};
			name = Debug;
		};
		0E8F787223FE280400D56B70 /* Release */ = {
			isa = XCBuildConfiguration;
			buildSettings = {
				ALWAYS_SEARCH_USER_PATHS = NO;
				CLANG_ANALYZER_NONNULL = YES;
				CLANG_ANALYZER_NUMBER_OBJECT_CONVERSION = YES_AGGRESSIVE;
				CLANG_CXX_LANGUAGE_STANDARD = "gnu++14";
				CLANG_CXX_LIBRARY = "libc++";
				CLANG_ENABLE_MODULES = YES;
				CLANG_ENABLE_OBJC_ARC = YES;
				CLANG_ENABLE_OBJC_WEAK = YES;
				CLANG_WARN_BLOCK_CAPTURE_AUTORELEASING = YES;
				CLANG_WARN_BOOL_CONVERSION = YES;
				CLANG_WARN_COMMA = YES;
				CLANG_WARN_CONSTANT_CONVERSION = YES;
				CLANG_WARN_DEPRECATED_OBJC_IMPLEMENTATIONS = YES;
				CLANG_WARN_DIRECT_OBJC_ISA_USAGE = YES_ERROR;
				CLANG_WARN_DOCUMENTATION_COMMENTS = YES;
				CLANG_WARN_EMPTY_BODY = YES;
				CLANG_WARN_ENUM_CONVERSION = YES;
				CLANG_WARN_INFINITE_RECURSION = YES;
				CLANG_WARN_INT_CONVERSION = YES;
				CLANG_WARN_NON_LITERAL_NULL_CONVERSION = YES;
				CLANG_WARN_OBJC_IMPLICIT_RETAIN_SELF = YES;
				CLANG_WARN_OBJC_LITERAL_CONVERSION = YES;
				CLANG_WARN_OBJC_ROOT_CLASS = YES_ERROR;
				CLANG_WARN_QUOTED_INCLUDE_IN_FRAMEWORK_HEADER = YES;
				CLANG_WARN_RANGE_LOOP_ANALYSIS = YES;
				CLANG_WARN_STRICT_PROTOTYPES = YES;
				CLANG_WARN_SUSPICIOUS_MOVE = YES;
				CLANG_WARN_UNGUARDED_AVAILABILITY = YES_AGGRESSIVE;
				CLANG_WARN_UNREACHABLE_CODE = YES;
				CLANG_WARN__DUPLICATE_METHOD_MATCH = YES;
				COPY_PHASE_STRIP = NO;
				DEBUG_INFORMATION_FORMAT = "dwarf-with-dsym";
				ENABLE_NS_ASSERTIONS = NO;
				ENABLE_STRICT_OBJC_MSGSEND = YES;
				GCC_C_LANGUAGE_STANDARD = gnu11;
				GCC_NO_COMMON_BLOCKS = YES;
				GCC_WARN_64_TO_32_BIT_CONVERSION = YES;
				GCC_WARN_ABOUT_RETURN_TYPE = YES_ERROR;
				GCC_WARN_UNDECLARED_SELECTOR = YES;
				GCC_WARN_UNINITIALIZED_AUTOS = YES_AGGRESSIVE;
				GCC_WARN_UNUSED_FUNCTION = YES;
				GCC_WARN_UNUSED_VARIABLE = YES;
				IPHONEOS_DEPLOYMENT_TARGET = 13.2;
				MTL_ENABLE_DEBUG_INFO = NO;
				MTL_FAST_MATH = YES;
				SDKROOT = iphoneos;
				SWIFT_COMPILATION_MODE = wholemodule;
				SWIFT_OPTIMIZATION_LEVEL = "-O";
				VALIDATE_PRODUCT = YES;
			};
			name = Release;
		};
		0E8F787423FE280400D56B70 /* Debug */ = {
			isa = XCBuildConfiguration;
			baseConfigurationReference = 0E30646B6B67A60557A67D32 /* Pods-iTalk.debug.xcconfig */;
			buildSettings = {
				ASSETCATALOG_COMPILER_APPICON_NAME = AppIcon;
				CODE_SIGN_ENTITLEMENTS = iTalk/Support/iTalk.entitlements;
				CODE_SIGN_IDENTITY = "Apple Development";
				"CODE_SIGN_IDENTITY[sdk=macosx*]" = "Apple Development";
				CODE_SIGN_STYLE = Automatic;
				CURRENT_PROJECT_VERSION = 1;
				DERIVE_MACCATALYST_PRODUCT_BUNDLE_IDENTIFIER = YES;
				DEVELOPMENT_ASSET_PATHS = "\"iTalk/Preview Content\"";
				DEVELOPMENT_TEAM = U4M526LLNP;
				"ENABLE_HARDENED_RUNTIME[sdk=macosx*]" = YES;
				ENABLE_PREVIEWS = YES;
				INFOPLIST_FILE = iTalk/Model/Info.plist;
				LD_RUNPATH_SEARCH_PATHS = (
					"$(inherited)",
					"@executable_path/Frameworks",
				);
				MARKETING_VERSION = 1.0A;
				PRODUCT_BUNDLE_IDENTIFIER = com.swiftbuild94.iTalk;
				PRODUCT_NAME = "$(TARGET_NAME)";
				PROVISIONING_PROFILE_SPECIFIER = "";
				"PROVISIONING_PROFILE_SPECIFIER[sdk=macosx*]" = "";
				SUPPORTS_MACCATALYST = YES;
				SWIFT_VERSION = 5.0;
				TARGETED_DEVICE_FAMILY = "1,2";
			};
			name = Debug;
		};
		0E8F787523FE280400D56B70 /* Release */ = {
			isa = XCBuildConfiguration;
			baseConfigurationReference = A666E0EAE84524EA22E8CD8D /* Pods-iTalk.release.xcconfig */;
			buildSettings = {
				ASSETCATALOG_COMPILER_APPICON_NAME = AppIcon;
				CODE_SIGN_ENTITLEMENTS = iTalk/Support/iTalk.entitlements;
				CODE_SIGN_IDENTITY = "Apple Development";
				"CODE_SIGN_IDENTITY[sdk=macosx*]" = "Apple Development";
				CODE_SIGN_STYLE = Automatic;
				CURRENT_PROJECT_VERSION = 1;
				DERIVE_MACCATALYST_PRODUCT_BUNDLE_IDENTIFIER = YES;
				DEVELOPMENT_ASSET_PATHS = "\"iTalk/Preview Content\"";
				DEVELOPMENT_TEAM = U4M526LLNP;
				"ENABLE_HARDENED_RUNTIME[sdk=macosx*]" = YES;
				ENABLE_PREVIEWS = YES;
				INFOPLIST_FILE = iTalk/Model/Info.plist;
				LD_RUNPATH_SEARCH_PATHS = (
					"$(inherited)",
					"@executable_path/Frameworks",
				);
				MARKETING_VERSION = 1.0A;
				PRODUCT_BUNDLE_IDENTIFIER = com.swiftbuild94.iTalk;
				PRODUCT_NAME = "$(TARGET_NAME)";
				PROVISIONING_PROFILE_SPECIFIER = "";
				"PROVISIONING_PROFILE_SPECIFIER[sdk=macosx*]" = "";
				SUPPORTS_MACCATALYST = YES;
				SWIFT_VERSION = 5.0;
				TARGETED_DEVICE_FAMILY = "1,2";
			};
			name = Release;
		};
		0E8F787723FE280400D56B70 /* Debug */ = {
			isa = XCBuildConfiguration;
			baseConfigurationReference = 26B38C539FCE8B2D1AC130E2 /* Pods-iTalkTests.debug.xcconfig */;
			buildSettings = {
				ALWAYS_EMBED_SWIFT_STANDARD_LIBRARIES = YES;
				BUNDLE_LOADER = "$(TEST_HOST)";
				CODE_SIGN_STYLE = Automatic;
				DEVELOPMENT_TEAM = U4M526LLNP;
				INFOPLIST_FILE = iTalkTests/Info.plist;
				IPHONEOS_DEPLOYMENT_TARGET = 13.2;
				LD_RUNPATH_SEARCH_PATHS = (
					"$(inherited)",
					"@executable_path/Frameworks",
					"@loader_path/Frameworks",
				);
				PRODUCT_BUNDLE_IDENTIFIER = pbp.iTalkTests;
				PRODUCT_NAME = "$(TARGET_NAME)";
				SWIFT_VERSION = 5.0;
				TARGETED_DEVICE_FAMILY = "1,2";
				TEST_HOST = "$(BUILT_PRODUCTS_DIR)/iTalk.app/iTalk";
			};
			name = Debug;
		};
		0E8F787823FE280400D56B70 /* Release */ = {
			isa = XCBuildConfiguration;
			baseConfigurationReference = E891373F01C6127B8BAD6A10 /* Pods-iTalkTests.release.xcconfig */;
			buildSettings = {
				ALWAYS_EMBED_SWIFT_STANDARD_LIBRARIES = YES;
				BUNDLE_LOADER = "$(TEST_HOST)";
				CODE_SIGN_STYLE = Automatic;
				DEVELOPMENT_TEAM = U4M526LLNP;
				INFOPLIST_FILE = iTalkTests/Info.plist;
				IPHONEOS_DEPLOYMENT_TARGET = 13.2;
				LD_RUNPATH_SEARCH_PATHS = (
					"$(inherited)",
					"@executable_path/Frameworks",
					"@loader_path/Frameworks",
				);
				PRODUCT_BUNDLE_IDENTIFIER = pbp.iTalkTests;
				PRODUCT_NAME = "$(TARGET_NAME)";
				SWIFT_VERSION = 5.0;
				TARGETED_DEVICE_FAMILY = "1,2";
				TEST_HOST = "$(BUILT_PRODUCTS_DIR)/iTalk.app/iTalk";
			};
			name = Release;
		};
		0E8F787A23FE280400D56B70 /* Debug */ = {
			isa = XCBuildConfiguration;
			baseConfigurationReference = BD4DD3BD1E2BBAD1644111AF /* Pods-iTalk-iTalkUITests.debug.xcconfig */;
			buildSettings = {
				ALWAYS_EMBED_SWIFT_STANDARD_LIBRARIES = YES;
				CODE_SIGN_STYLE = Automatic;
				DEVELOPMENT_TEAM = U4M526LLNP;
				INFOPLIST_FILE = iTalkUITests/Info.plist;
				LD_RUNPATH_SEARCH_PATHS = (
					"$(inherited)",
					"@executable_path/Frameworks",
					"@loader_path/Frameworks",
				);
				PRODUCT_BUNDLE_IDENTIFIER = pbp.iTalkUITests;
				PRODUCT_NAME = "$(TARGET_NAME)";
				SWIFT_VERSION = 5.0;
				TARGETED_DEVICE_FAMILY = "1,2";
				TEST_TARGET_NAME = iTalk;
			};
			name = Debug;
		};
		0E8F787B23FE280400D56B70 /* Release */ = {
			isa = XCBuildConfiguration;
			baseConfigurationReference = FABB07D81297A88923EECCAD /* Pods-iTalk-iTalkUITests.release.xcconfig */;
			buildSettings = {
				ALWAYS_EMBED_SWIFT_STANDARD_LIBRARIES = YES;
				CODE_SIGN_STYLE = Automatic;
				DEVELOPMENT_TEAM = U4M526LLNP;
				INFOPLIST_FILE = iTalkUITests/Info.plist;
				LD_RUNPATH_SEARCH_PATHS = (
					"$(inherited)",
					"@executable_path/Frameworks",
					"@loader_path/Frameworks",
				);
				PRODUCT_BUNDLE_IDENTIFIER = pbp.iTalkUITests;
				PRODUCT_NAME = "$(TARGET_NAME)";
				SWIFT_VERSION = 5.0;
				TARGETED_DEVICE_FAMILY = "1,2";
				TEST_TARGET_NAME = iTalk;
			};
			name = Release;
		};
/* End XCBuildConfiguration section */

/* Begin XCConfigurationList section */
		0E8F784123FE27D800D56B70 /* Build configuration list for PBXProject "iTalk" */ = {
			isa = XCConfigurationList;
			buildConfigurations = (
				0E8F787123FE280400D56B70 /* Debug */,
				0E8F787223FE280400D56B70 /* Release */,
			);
			defaultConfigurationIsVisible = 0;
			defaultConfigurationName = Release;
		};
		0E8F787323FE280400D56B70 /* Build configuration list for PBXNativeTarget "iTalk" */ = {
			isa = XCConfigurationList;
			buildConfigurations = (
				0E8F787423FE280400D56B70 /* Debug */,
				0E8F787523FE280400D56B70 /* Release */,
			);
			defaultConfigurationIsVisible = 0;
			defaultConfigurationName = Release;
		};
		0E8F787623FE280400D56B70 /* Build configuration list for PBXNativeTarget "iTalkTests" */ = {
			isa = XCConfigurationList;
			buildConfigurations = (
				0E8F787723FE280400D56B70 /* Debug */,
				0E8F787823FE280400D56B70 /* Release */,
			);
			defaultConfigurationIsVisible = 0;
			defaultConfigurationName = Release;
		};
		0E8F787923FE280400D56B70 /* Build configuration list for PBXNativeTarget "iTalkUITests" */ = {
			isa = XCConfigurationList;
			buildConfigurations = (
				0E8F787A23FE280400D56B70 /* Debug */,
				0E8F787B23FE280400D56B70 /* Release */,
			);
			defaultConfigurationIsVisible = 0;
			defaultConfigurationName = Release;
		};
/* End XCConfigurationList section */

/* Begin XCVersionGroup section */
		0E8F784D23FE27D800D56B70 /* iTalk.xcdatamodeld */ = {
			isa = XCVersionGroup;
			children = (
				0E8F784E23FE27D800D56B70 /* iTalk.xcdatamodel */,
			);
			currentVersion = 0E8F784E23FE27D800D56B70 /* iTalk.xcdatamodel */;
			path = iTalk.xcdatamodeld;
			sourceTree = "<group>";
			versionGroupType = wrapper.xcdatamodel;
		};
/* End XCVersionGroup section */
	};
	rootObject = 0E8F783E23FE27D800D56B70 /* Project object */;
}
